{
  "name": "HL7PL.Fhir.Lab",
  "lockfileVersion": 3,
  "requires": true,
  "packages": {
    "": {
      "dependencies": {
        "sushi": "^5.1.30"
      }
    },
    "node_modules/@uniswap/token-lists": {
      "version": "1.0.0-beta.33",
      "resolved": "https://registry.npmjs.org/@uniswap/token-lists/-/token-lists-1.0.0-beta.33.tgz",
      "integrity": "sha512-JQkXcpRI3jFG8y3/CGC4TS8NkDgcxXaOQuYW8Qdvd6DcDiIyg2vVYCG9igFEzF0G6UvxgHkBKC7cWCgzZNYvQg==",
      "license": "MIT",
      "engines": {
        "node": ">=10"
      }
    },
    "node_modules/big.js": {
      "version": "6.1.1",
      "resolved": "https://registry.npmjs.org/big.js/-/big.js-6.1.1.tgz",
      "integrity": "sha512-1vObw81a8ylZO5ePrtMay0n018TcftpTA5HFKDaSuiUDBo8biRBtjIobw60OpwuvrGk+FsxKamqN4cnmj/eXdg==",
      "license": "MIT",
      "engines": {
        "node": "*"
      },
      "funding": {
        "type": "opencollective",
        "url": "https://opencollective.com/bigjs"
      }
    },
    "node_modules/date-fns": {
      "version": "3.3.1",
      "resolved": "https://registry.npmjs.org/date-fns/-/date-fns-3.3.1.tgz",
      "integrity": "sha512-y8e109LYGgoQDveiEBD3DYXKba1jWf5BA8YU1FL5Tvm0BTdEfy54WLCwnuYWZNnzzvALy/QQ4Hov+Q9RVRv+Zw==",
      "license": "MIT",
      "funding": {
        "type": "github",
        "url": "https://github.com/sponsors/kossnocorp"
      }
    },
    "node_modules/decimal.js-light": {
      "version": "2.5.1",
      "resolved": "https://registry.npmjs.org/decimal.js-light/-/decimal.js-light-2.5.1.tgz",
      "integrity": "sha512-qIMFpTMZmny+MMIitAB6D7iVPEorVw6YQRWkvarTkT4tBeSLLiHzcwj6q0MmYSFCiVpiqPJTJEYIrpcPzVEIvg==",
      "license": "MIT"
    },
    "node_modules/seedrandom": {
      "version": "3.0.5",
      "resolved": "https://registry.npmjs.org/seedrandom/-/seedrandom-3.0.5.tgz",
      "integrity": "sha512-8OwmbklUNzwezjGInmZ+2clQmExQPvomqjL7LFqOYqtmuxRgQYqOD3mHaU+MvZn5FLUeVxVfQjwLZW/n/JFuqg==",
      "license": "MIT"
    },
    "node_modules/sushi": {
      "version": "5.1.30",
      "resolved": "https://registry.npmjs.org/sushi/-/sushi-5.1.30.tgz",
      "integrity": "sha512-mf45Lv5ACpMQ+9VSOiIGHeI9uQe5mu/Ht+UUJ5MiFbvKNhizrK/GIWOSrPyQVGsh9bWUh7e9klC6oIDOlPvrog==",
      "funding": [
        {
          "type": "github",
          "url": "https://github.com/sponsors/sushi-labs"
        }
      ],
      "license": "MIT",
      "dependencies": {
        "@uniswap/token-lists": "1.0.0-beta.33",
        "big.js": "6.1.1",
        "date-fns": "3.3.1",
        "decimal.js-light": "2.5.1",
        "seedrandom": "3.0.5",
        "tiny-invariant": "1.3.3",
        "toformat": "2.0.0"
      },
      "peerDependencies": {
        "typescript": ">= 5.5.4 < 6",
        "viem": "*",
        "zod": "*"
      },
      "peerDependenciesMeta": {
        "typescript": {
          "optional": true
        },
        "viem": {
          "optional": true
        },
        "zod": {
          "optional": true
        }
      }
    },
    "node_modules/tiny-invariant": {
      "version": "1.3.3",
      "resolved": "https://registry.npmjs.org/tiny-invariant/-/tiny-invariant-1.3.3.tgz",
      "integrity": "sha512-+FbBPE1o9QAYvviau/qC5SE3caw21q3xkvWKBtja5vgqOWIHHJ3ioaq1VPfn/Szqctz2bU/oYeKd9/z5BL+PVg==",
      "license": "MIT"
    },
    "node_modules/toformat": {
      "version": "2.0.0",
      "resolved": "https://registry.npmjs.org/toformat/-/toformat-2.0.0.tgz",
      "integrity": "sha512-03SWBVop6nU8bpyZCx7SodpYznbZF5R4ljwNLBcTQzKOD9xuihRo/psX58llS1BMFhhAI08H3luot5GoXJz2pQ==",
      "license": "MIT"
    }
  }
}
